
Microsoft Visual Studio Solution File, Format Version 12.00
# Visual Studio Version 16
VisualStudioVersion = 16.0.30114.105
MinimumVisualStudioVersion = 10.0.40219.1
Project("{FAE04EC0-301F-11D3-BF4B-00C04F79EFBC}") = "ExamService.Application.Main", "ExamService.Application.Main\ExamService.Application.Main.csproj", "{3514AEE5-68DA-4BC6-A1F5-97BFCC25D6B1}"
EndProject
Project("{FAE04EC0-301F-11D3-BF4B-00C04F79EFBC}") = "ExamService.Application.Seed", "ExamService.Application.Seed\ExamService.Application.Seed.csproj", "{71595634-2367-46BC-86AB-E07896D4751D}"
EndProject
Project("{FAE04EC0-301F-11D3-BF4B-00C04F79EFBC}") = "ExamService.DataAccess.Main", "ExamService.DataAccess.Main\ExamService.DataAccess.Main.csproj", "{C2C73E42-5834-4A10-8DEE-9A4C0D9AE896}"
EndProject
Project("{FAE04EC0-301F-11D3-BF4B-00C04F79EFBC}") = "ExamService.DataAccess.Seed", "ExamService.DataAccess.Seed\ExamService.DataAccess.Seed.csproj", "{FF69A51D-8D14-4580-A541-AD808AAA0D82}"
EndProject
Project("{FAE04EC0-301F-11D3-BF4B-00C04F79EFBC}") = "ExamService.Domain.Main", "ExamService.Domain.Main\ExamService.Domain.Main.csproj", "{8B30ACCB-26E8-4EBF-AC4F-BB71E736193E}"
EndProject
Project("{FAE04EC0-301F-11D3-BF4B-00C04F79EFBC}") = "ExamService.Domain.Seed", "ExamService.Domain.Seed\ExamService.Domain.Seed.csproj", "{0D096EE9-46E7-474B-875A-9B5BE62A4C4C}"
EndProject
Project("{FAE04EC0-301F-11D3-BF4B-00C04F79EFBC}") = "ExamService.Infrastructure.Main", "ExamService.Infrastructure.Main\ExamService.Infrastructure.Main.csproj", "{9B6DC663-DE4C-4942-B563-10D56F0A5E98}"
EndProject
Project("{FAE04EC0-301F-11D3-BF4B-00C04F79EFBC}") = "ExamService.Infrastructure.Seed", "ExamService.Infrastructure.Seed\ExamService.Infrastructure.Seed.csproj", "{24D619BE-54AF-419C-BAAB-F70CC29679C0}"
EndProject
Project("{FAE04EC0-301F-11D3-BF4B-00C04F79EFBC}") = "ExamService.Services.Main.DataContract", "ExamService.Services.Main.DataContract\ExamService.Services.Main.DataContract.csproj", "{797FD7B4-9733-4610-A8DE-E3C32B117D9E}"
EndProject
Project("{2150E333-8FDC-42A3-9474-1A3956D46DE8}") = "1-ExamManager", "1-ExamManager", "{FE7A5149-5DF4-4698-B4E6-04B1274DA156}"
EndProject
Project("{2150E333-8FDC-42A3-9474-1A3956D46DE8}") = "1.1-Presentation", "1.1-Presentation", "{191D34BD-78D4-43B1-9D23-6011E74327A1}"
EndProject
Project("{2150E333-8FDC-42A3-9474-1A3956D46DE8}") = "1.1.1-MainBoundedContext", "1.1.1-MainBoundedContext", "{0310ABF5-1C81-4AD1-B663-73AD599A5098}"
EndProject
Project("{2150E333-8FDC-42A3-9474-1A3956D46DE8}") = "2-ExamService", "2-ExamService", "{73A1107E-2F49-4E6E-801E-A978AFD4D258}"
EndProject
Project("{2150E333-8FDC-42A3-9474-1A3956D46DE8}") = "2.1-Service", "2.1-Service", "{737544E9-CE04-4678-8650-77345456ECEF}"
EndProject
Project("{2150E333-8FDC-42A3-9474-1A3956D46DE8}") = "2.1.2-MainBoundedContext", "2.1.2-MainBoundedContext", "{DC10CCE8-A78F-4C98-8A13-AF72CDA5A983}"
EndProject
Project("{2150E333-8FDC-42A3-9474-1A3956D46DE8}") = "2.2-Application", "2.2-Application", "{90381DA0-EA29-4A02-91F8-90FED08F6A64}"
EndProject
Project("{2150E333-8FDC-42A3-9474-1A3956D46DE8}") = "2.2.1-SeedWork", "2.2.1-SeedWork", "{0A3DD35B-E759-446B-8D97-A1480096E160}"
EndProject
Project("{2150E333-8FDC-42A3-9474-1A3956D46DE8}") = "2.2.2-MainBoundedContext", "2.2.2-MainBoundedContext", "{42C61F0E-7FDC-4B3A-A701-A5504C50097C}"
EndProject
Project("{2150E333-8FDC-42A3-9474-1A3956D46DE8}") = "2.3-Domain", "2.3-Domain", "{A881DEEE-E02E-4C1D-9817-F517C28AC42A}"
EndProject
Project("{2150E333-8FDC-42A3-9474-1A3956D46DE8}") = "2.3.1-SeedWork", "2.3.1-SeedWork", "{1E716DAC-822E-4012-97BB-5016BC6D3778}"
EndProject
Project("{2150E333-8FDC-42A3-9474-1A3956D46DE8}") = "2.3.2-MainBoundedContext", "2.3.2-MainBoundedContext", "{816F017A-2BA1-4DA3-9F58-B4BE62B5E867}"
EndProject
Project("{2150E333-8FDC-42A3-9474-1A3956D46DE8}") = "2.4-DataAccess", "2.4-DataAccess", "{00055AE9-8A4B-4223-B2F5-AAA63CEBAEF9}"
EndProject
Project("{2150E333-8FDC-42A3-9474-1A3956D46DE8}") = "2.4.1-SeedWork", "2.4.1-SeedWork", "{D24895F0-FE66-423E-8151-C0CB5E962C16}"
EndProject
Project("{2150E333-8FDC-42A3-9474-1A3956D46DE8}") = "2.4.2-MainBoundedContext", "2.4.2-MainBoundedContext", "{C21CBE71-B111-432B-A9D4-C741F6654D3C}"
EndProject
Project("{2150E333-8FDC-42A3-9474-1A3956D46DE8}") = "2.5-Infrastructure", "2.5-Infrastructure", "{93B57882-946D-4061-B0DE-0166F2DE86ED}"
EndProject
Project("{2150E333-8FDC-42A3-9474-1A3956D46DE8}") = "2.5.1-CrossCutting", "2.5.1-CrossCutting", "{EE6771C9-BF0D-4903-B16C-959969C8BFC0}"
EndProject
Project("{2150E333-8FDC-42A3-9474-1A3956D46DE8}") = "2.5.1.1-Seed", "2.5.1.1-Seed", "{202A4E3A-AE7C-4BB2-ADEE-57D7DFE31B4C}"
EndProject
Project("{2150E333-8FDC-42A3-9474-1A3956D46DE8}") = "2.5.1.2-Main", "2.5.1.2-Main", "{0F20AE15-CE97-4BA4-9DB2-F1B930A9ECAB}"
EndProject
Project("{FAE04EC0-301F-11D3-BF4B-00C04F79EFBC}") = "ExamService.Services.Main", "ExamService.Services.Main\ExamService.Services.Main.csproj", "{A16AF55D-44F8-4D98-B74A-E822895150B8}"
EndProject
Project("{FAE04EC0-301F-11D3-BF4B-00C04F79EFBC}") = "ExamManager.Presentation.Main", "ExamManager.Presentation.Main\ExamManager.Presentation.Main.csproj", "{F5B2C983-2558-44FA-BC39-65D8A05825DC}"
EndProject
Global
	GlobalSection(SolutionConfigurationPlatforms) = preSolution
		Debug|Any CPU = Debug|Any CPU
		Release|Any CPU = Release|Any CPU
	EndGlobalSection
	GlobalSection(ProjectConfigurationPlatforms) = postSolution
		{3514AEE5-68DA-4BC6-A1F5-97BFCC25D6B1}.Debug|Any CPU.ActiveCfg = Debug|Any CPU
		{3514AEE5-68DA-4BC6-A1F5-97BFCC25D6B1}.Debug|Any CPU.Build.0 = Debug|Any CPU
		{3514AEE5-68DA-4BC6-A1F5-97BFCC25D6B1}.Release|Any CPU.ActiveCfg = Release|Any CPU
		{3514AEE5-68DA-4BC6-A1F5-97BFCC25D6B1}.Release|Any CPU.Build.0 = Release|Any CPU
		{71595634-2367-46BC-86AB-E07896D4751D}.Debug|Any CPU.ActiveCfg = Debug|Any CPU
		{71595634-2367-46BC-86AB-E07896D4751D}.Debug|Any CPU.Build.0 = Debug|Any CPU
		{71595634-2367-46BC-86AB-E07896D4751D}.Release|Any CPU.ActiveCfg = Release|Any CPU
		{71595634-2367-46BC-86AB-E07896D4751D}.Release|Any CPU.Build.0 = Release|Any CPU
		{C2C73E42-5834-4A10-8DEE-9A4C0D9AE896}.Debug|Any CPU.ActiveCfg = Debug|Any CPU
		{C2C73E42-5834-4A10-8DEE-9A4C0D9AE896}.Debug|Any CPU.Build.0 = Debug|Any CPU
		{C2C73E42-5834-4A10-8DEE-9A4C0D9AE896}.Release|Any CPU.ActiveCfg = Release|Any CPU
		{C2C73E42-5834-4A10-8DEE-9A4C0D9AE896}.Release|Any CPU.Build.0 = Release|Any CPU
		{FF69A51D-8D14-4580-A541-AD808AAA0D82}.Debug|Any CPU.ActiveCfg = Debug|Any CPU
		{FF69A51D-8D14-4580-A541-AD808AAA0D82}.Debug|Any CPU.Build.0 = Debug|Any CPU
		{FF69A51D-8D14-4580-A541-AD808AAA0D82}.Release|Any CPU.ActiveCfg = Release|Any CPU
		{FF69A51D-8D14-4580-A541-AD808AAA0D82}.Release|Any CPU.Build.0 = Release|Any CPU
		{8B30ACCB-26E8-4EBF-AC4F-BB71E736193E}.Debug|Any CPU.ActiveCfg = Debug|Any CPU
		{8B30ACCB-26E8-4EBF-AC4F-BB71E736193E}.Debug|Any CPU.Build.0 = Debug|Any CPU
		{8B30ACCB-26E8-4EBF-AC4F-BB71E736193E}.Release|Any CPU.ActiveCfg = Release|Any CPU
		{8B30ACCB-26E8-4EBF-AC4F-BB71E736193E}.Release|Any CPU.Build.0 = Release|Any CPU
		{0D096EE9-46E7-474B-875A-9B5BE62A4C4C}.Debug|Any CPU.ActiveCfg = Debug|Any CPU
		{0D096EE9-46E7-474B-875A-9B5BE62A4C4C}.Debug|Any CPU.Build.0 = Debug|Any CPU
		{0D096EE9-46E7-474B-875A-9B5BE62A4C4C}.Release|Any CPU.ActiveCfg = Release|Any CPU
		{0D096EE9-46E7-474B-875A-9B5BE62A4C4C}.Release|Any CPU.Build.0 = Release|Any CPU
		{9B6DC663-DE4C-4942-B563-10D56F0A5E98}.Debug|Any CPU.ActiveCfg = Debug|Any CPU
		{9B6DC663-DE4C-4942-B563-10D56F0A5E98}.Debug|Any CPU.Build.0 = Debug|Any CPU
		{9B6DC663-DE4C-4942-B563-10D56F0A5E98}.Release|Any CPU.ActiveCfg = Release|Any CPU
		{9B6DC663-DE4C-4942-B563-10D56F0A5E98}.Release|Any CPU.Build.0 = Release|Any CPU
		{24D619BE-54AF-419C-BAAB-F70CC29679C0}.Debug|Any CPU.ActiveCfg = Debug|Any CPU
		{24D619BE-54AF-419C-BAAB-F70CC29679C0}.Debug|Any CPU.Build.0 = Debug|Any CPU
		{24D619BE-54AF-419C-BAAB-F70CC29679C0}.Release|Any CPU.ActiveCfg = Release|Any CPU
		{24D619BE-54AF-419C-BAAB-F70CC29679C0}.Release|Any CPU.Build.0 = Release|Any CPU
		{797FD7B4-9733-4610-A8DE-E3C32B117D9E}.Debug|Any CPU.ActiveCfg = Debug|Any CPU
		{797FD7B4-9733-4610-A8DE-E3C32B117D9E}.Debug|Any CPU.Build.0 = Debug|Any CPU
		{797FD7B4-9733-4610-A8DE-E3C32B117D9E}.Release|Any CPU.ActiveCfg = Release|Any CPU
		{797FD7B4-9733-4610-A8DE-E3C32B117D9E}.Release|Any CPU.Build.0 = Release|Any CPU
		{A16AF55D-44F8-4D98-B74A-E822895150B8}.Debug|Any CPU.ActiveCfg = Debug|Any CPU
		{A16AF55D-44F8-4D98-B74A-E822895150B8}.Debug|Any CPU.Build.0 = Debug|Any CPU
		{A16AF55D-44F8-4D98-B74A-E822895150B8}.Release|Any CPU.ActiveCfg = Release|Any CPU
		{A16AF55D-44F8-4D98-B74A-E822895150B8}.Release|Any CPU.Build.0 = Release|Any CPU
		{F5B2C983-2558-44FA-BC39-65D8A05825DC}.Debug|Any CPU.ActiveCfg = Debug|Any CPU
		{F5B2C983-2558-44FA-BC39-65D8A05825DC}.Debug|Any CPU.Build.0 = Debug|Any CPU
		{F5B2C983-2558-44FA-BC39-65D8A05825DC}.Release|Any CPU.ActiveCfg = Release|Any CPU
		{F5B2C983-2558-44FA-BC39-65D8A05825DC}.Release|Any CPU.Build.0 = Release|Any CPU
	EndGlobalSection
	GlobalSection(SolutionProperties) = preSolution
		HideSolutionNode = FALSE
	EndGlobalSection
	GlobalSection(NestedProjects) = preSolution
		{3514AEE5-68DA-4BC6-A1F5-97BFCC25D6B1} = {42C61F0E-7FDC-4B3A-A701-A5504C50097C}
		{71595634-2367-46BC-86AB-E07896D4751D} = {0A3DD35B-E759-446B-8D97-A1480096E160}
		{C2C73E42-5834-4A10-8DEE-9A4C0D9AE896} = {C21CBE71-B111-432B-A9D4-C741F6654D3C}
		{FF69A51D-8D14-4580-A541-AD808AAA0D82} = {D24895F0-FE66-423E-8151-C0CB5E962C16}
		{8B30ACCB-26E8-4EBF-AC4F-BB71E736193E} = {816F017A-2BA1-4DA3-9F58-B4BE62B5E867}
		{0D096EE9-46E7-474B-875A-9B5BE62A4C4C} = {1E716DAC-822E-4012-97BB-5016BC6D3778}
		{9B6DC663-DE4C-4942-B563-10D56F0A5E98} = {0F20AE15-CE97-4BA4-9DB2-F1B930A9ECAB}
		{24D619BE-54AF-419C-BAAB-F70CC29679C0} = {202A4E3A-AE7C-4BB2-ADEE-57D7DFE31B4C}
		{797FD7B4-9733-4610-A8DE-E3C32B117D9E} = {DC10CCE8-A78F-4C98-8A13-AF72CDA5A983}
		{191D34BD-78D4-43B1-9D23-6011E74327A1} = {FE7A5149-5DF4-4698-B4E6-04B1274DA156}
		{0310ABF5-1C81-4AD1-B663-73AD599A5098} = {191D34BD-78D4-43B1-9D23-6011E74327A1}
		{737544E9-CE04-4678-8650-77345456ECEF} = {73A1107E-2F49-4E6E-801E-A978AFD4D258}
		{DC10CCE8-A78F-4C98-8A13-AF72CDA5A983} = {737544E9-CE04-4678-8650-77345456ECEF}
		{90381DA0-EA29-4A02-91F8-90FED08F6A64} = {73A1107E-2F49-4E6E-801E-A978AFD4D258}
		{0A3DD35B-E759-446B-8D97-A1480096E160} = {90381DA0-EA29-4A02-91F8-90FED08F6A64}
		{42C61F0E-7FDC-4B3A-A701-A5504C50097C} = {90381DA0-EA29-4A02-91F8-90FED08F6A64}
		{A881DEEE-E02E-4C1D-9817-F517C28AC42A} = {73A1107E-2F49-4E6E-801E-A978AFD4D258}
		{1E716DAC-822E-4012-97BB-5016BC6D3778} = {A881DEEE-E02E-4C1D-9817-F517C28AC42A}
		{816F017A-2BA1-4DA3-9F58-B4BE62B5E867} = {A881DEEE-E02E-4C1D-9817-F517C28AC42A}
		{00055AE9-8A4B-4223-B2F5-AAA63CEBAEF9} = {73A1107E-2F49-4E6E-801E-A978AFD4D258}
		{D24895F0-FE66-423E-8151-C0CB5E962C16} = {00055AE9-8A4B-4223-B2F5-AAA63CEBAEF9}
		{C21CBE71-B111-432B-A9D4-C741F6654D3C} = {00055AE9-8A4B-4223-B2F5-AAA63CEBAEF9}
		{93B57882-946D-4061-B0DE-0166F2DE86ED} = {73A1107E-2F49-4E6E-801E-A978AFD4D258}
		{EE6771C9-BF0D-4903-B16C-959969C8BFC0} = {93B57882-946D-4061-B0DE-0166F2DE86ED}
		{202A4E3A-AE7C-4BB2-ADEE-57D7DFE31B4C} = {EE6771C9-BF0D-4903-B16C-959969C8BFC0}
		{0F20AE15-CE97-4BA4-9DB2-F1B930A9ECAB} = {EE6771C9-BF0D-4903-B16C-959969C8BFC0}
		{A16AF55D-44F8-4D98-B74A-E822895150B8} = {DC10CCE8-A78F-4C98-8A13-AF72CDA5A983}
		{F5B2C983-2558-44FA-BC39-65D8A05825DC} = {0310ABF5-1C81-4AD1-B663-73AD599A5098}
	EndGlobalSection
	GlobalSection(ExtensibilityGlobals) = postSolution
		SolutionGuid = {C28CDF1F-A34C-4D78-94DC-805ABD5094B3}
	EndGlobalSection
EndGlobal
